
Microsoft Visual Studio Solution File, Format Version 12.00
# Visual Studio Version 17
VisualStudioVersion = 17.4.33213.308
MinimumVisualStudioVersion = 10.0.40219.1
Project("{FAE04EC0-301F-11D3-BF4B-00C04F79EFBC}") = "Exercicios_1", "Exercicios_1\Exercicios_1.csproj", "{C5A1FE62-B9FD-4AC3-A081-295DE4F70953}"
EndProject
Global
	GlobalSection(SolutionConfigurationPlatforms) = preSolution
		Debug|Any CPU = Debug|Any CPU
		Release|Any CPU = Release|Any CPU
	EndGlobalSection
	GlobalSection(ProjectConfigurationPlatforms) = postSolution
		{C5A1FE62-B9FD-4AC3-A081-295DE4F70953}.Debug|Any CPU.ActiveCfg = Debug|Any CPU
		{C5A1FE62-B9FD-4AC3-A081-295DE4F70953}.Debug|Any CPU.Build.0 = Debug|Any CPU
		{C5A1FE62-B9FD-4AC3-A081-295DE4F70953}.Release|Any CPU.ActiveCfg = Release|Any CPU
		{C5A1FE62-B9FD-4AC3-A081-295DE4F70953}.Release|Any CPU.Build.0 = Release|Any CPU
	EndGlobalSection
	GlobalSection(SolutionProperties) = preSolution
		HideSolutionNode = FALSE
	EndGlobalSection
	GlobalSection(ExtensibilityGlobals) = postSolution
		SolutionGuid = {94A28E78-A8FB-4975-9DE4-22ED21AC2D83}
	EndGlobalSection
EndGlobal
